{
  "name": "ts-study",
  "version": "1.0.0",
  "lockfileVersion": 1,
  "requires": true,
  "dependencies": {
    "@types/node": {
      "version": "10.5.5",
      "resolved": "http://172.18.1.16:8082/repository/npm-all/@types/node/-/node-10.5.5.tgz",
      "integrity": "sha512-6Qnb1gXbp3g1JX9QVJj3A6ORzc9XCyhokxUKaoonHgNXcQhmk8adhotxfkeK8El9TnFeUuH72yI6jQ5nDJKS6w==",
      "dev": true
    },
    "@types/sprintf-js": {
      "version": "1.1.0",
      "resolved": "http://172.18.1.16:8082/repository/npm-all/@types/sprintf-js/-/sprintf-js-1.1.0.tgz",
      "integrity": "sha512-AQSq0X2Pj+2UbLIAxRmnj7Tll4btd1fj3hFf0XxB3/ZT7qjQ2WA3/JKtehu8UXEbkNCcysG6ZnYs58F1e/FboA==",
      "dev": true
    },
    "sprintf-js": {
      "version": "1.1.1",
      "resolved": "http://172.18.1.16:8082/repository/npm-all/sprintf-js/-/sprintf-js-1.1.1.tgz",
      "integrity": "sha1-Nr54Mgr+WAH2zqPueLblqrlA6gw="
    },
    "typescript": {
      "version": "3.0.1",
      "resolved": "http://172.18.1.16:8082/repository/npm-all/typescript/-/typescript-3.0.1.tgz",
      "integrity": "sha512-zQIMOmC+372pC/CCVLqnQ0zSBiY7HHodU7mpQdjiZddek4GMj31I3dUJ7gAs9o65X7mnRma6OokOkc6f9jjfBg==",
      "dev": true
    }
  }
}
